
Microsoft Visual Studio Solution File, Format Version 12.00
# Visual Studio Version 16
VisualStudioVersion = 16.0.31424.327
MinimumVisualStudioVersion = 10.0.40219.1
Project("{9A19103F-16F7-4668-BE54-9A1E7A4F7556}") = "turismo-real-desktop", "turismo-real-desktop.csproj", "{A3517F43-E850-415A-8041-3C108B086BB0}"
EndProject
Project("{9A19103F-16F7-4668-BE54-9A1E7A4F7556}") = "turismo-real-controller", "..\turismo-real-core\turismo-real-controller.csproj", "{75D31CB4-2501-4AB1-B75A-B5FE7A2F89A7}"
EndProject
Project("{9A19103F-16F7-4668-BE54-9A1E7A4F7556}") = "turismo-real-services", "..\turismo-real-services\turismo-real-services.csproj", "{C28EFCDE-3716-4CF1-A7D8-24336B0566B2}"
EndProject
Project("{FAE04EC0-301F-11D3-BF4B-00C04F79EFBC}") = "turismo-real-business", "..\turismo-real-business\turismo-real-business.csproj", "{AFB085EE-EFD7-4980-A1A2-26B4F9F9C988}"
EndProject
Global
	GlobalSection(SolutionConfigurationPlatforms) = preSolution
		Debug|Any CPU = Debug|Any CPU
		Release|Any CPU = Release|Any CPU
	EndGlobalSection
	GlobalSection(ProjectConfigurationPlatforms) = postSolution
		{A3517F43-E850-415A-8041-3C108B086BB0}.Debug|Any CPU.ActiveCfg = Debug|Any CPU
		{A3517F43-E850-415A-8041-3C108B086BB0}.Debug|Any CPU.Build.0 = Debug|Any CPU
		{A3517F43-E850-415A-8041-3C108B086BB0}.Release|Any CPU.ActiveCfg = Release|Any CPU
		{A3517F43-E850-415A-8041-3C108B086BB0}.Release|Any CPU.Build.0 = Release|Any CPU
		{75D31CB4-2501-4AB1-B75A-B5FE7A2F89A7}.Debug|Any CPU.ActiveCfg = Debug|Any CPU
		{75D31CB4-2501-4AB1-B75A-B5FE7A2F89A7}.Debug|Any CPU.Build.0 = Debug|Any CPU
		{75D31CB4-2501-4AB1-B75A-B5FE7A2F89A7}.Release|Any CPU.ActiveCfg = Release|Any CPU
		{75D31CB4-2501-4AB1-B75A-B5FE7A2F89A7}.Release|Any CPU.Build.0 = Release|Any CPU
		{C28EFCDE-3716-4CF1-A7D8-24336B0566B2}.Debug|Any CPU.ActiveCfg = Debug|Any CPU
		{C28EFCDE-3716-4CF1-A7D8-24336B0566B2}.Debug|Any CPU.Build.0 = Debug|Any CPU
		{C28EFCDE-3716-4CF1-A7D8-24336B0566B2}.Release|Any CPU.ActiveCfg = Release|Any CPU
		{C28EFCDE-3716-4CF1-A7D8-24336B0566B2}.Release|Any CPU.Build.0 = Release|Any CPU
		{AFB085EE-EFD7-4980-A1A2-26B4F9F9C988}.Debug|Any CPU.ActiveCfg = Debug|Any CPU
		{AFB085EE-EFD7-4980-A1A2-26B4F9F9C988}.Debug|Any CPU.Build.0 = Debug|Any CPU
		{AFB085EE-EFD7-4980-A1A2-26B4F9F9C988}.Release|Any CPU.ActiveCfg = Release|Any CPU
		{AFB085EE-EFD7-4980-A1A2-26B4F9F9C988}.Release|Any CPU.Build.0 = Release|Any CPU
	EndGlobalSection
	GlobalSection(SolutionProperties) = preSolution
		HideSolutionNode = FALSE
	EndGlobalSection
	GlobalSection(ExtensibilityGlobals) = postSolution
		SolutionGuid = {CCABE05E-1BEC-4449-8FCA-D90A7CA33BAF}
	EndGlobalSection
EndGlobal
